
Microsoft Visual Studio Solution File, Format Version 12.00
# Visual Studio Version 16
VisualStudioVersion = 16.0.30204.135
MinimumVisualStudioVersion = 10.0.40219.1
Project("{FAE04EC0-301F-11D3-BF4B-00C04F79EFBC}") = "NLayerDatos", "NLayerDatos\NLayerDatos.csproj", "{7985F069-6D5A-4B5C-A743-2958388FE529}"
EndProject
Project("{FAE04EC0-301F-11D3-BF4B-00C04F79EFBC}") = "NLayerEntidades", "NLayerEntidades\NLayerEntidades.csproj", "{83BB72F0-38F5-49AF-85FC-D920DCDE424B}"
EndProject
Project("{FAE04EC0-301F-11D3-BF4B-00C04F79EFBC}") = "NLayerNegocio", "NLayerNegocio\NLayerNegocio.csproj", "{8A8A64F4-E35C-47E5-836B-E227E7ACAD84}"
EndProject
Project("{FAE04EC0-301F-11D3-BF4B-00C04F79EFBC}") = "NLayerFormularios", "NLayerFormularios\NLayerFormularios.csproj", "{1F532D0C-8531-4DAF-BD42-EDCBE40BFB8D}"
EndProject
Global
	GlobalSection(SolutionConfigurationPlatforms) = preSolution
		Debug|Any CPU = Debug|Any CPU
		Release|Any CPU = Release|Any CPU
	EndGlobalSection
	GlobalSection(ProjectConfigurationPlatforms) = postSolution
		{7985F069-6D5A-4B5C-A743-2958388FE529}.Debug|Any CPU.ActiveCfg = Debug|Any CPU
		{7985F069-6D5A-4B5C-A743-2958388FE529}.Debug|Any CPU.Build.0 = Debug|Any CPU
		{7985F069-6D5A-4B5C-A743-2958388FE529}.Release|Any CPU.ActiveCfg = Release|Any CPU
		{7985F069-6D5A-4B5C-A743-2958388FE529}.Release|Any CPU.Build.0 = Release|Any CPU
		{83BB72F0-38F5-49AF-85FC-D920DCDE424B}.Debug|Any CPU.ActiveCfg = Debug|Any CPU
		{83BB72F0-38F5-49AF-85FC-D920DCDE424B}.Debug|Any CPU.Build.0 = Debug|Any CPU
		{83BB72F0-38F5-49AF-85FC-D920DCDE424B}.Release|Any CPU.ActiveCfg = Release|Any CPU
		{83BB72F0-38F5-49AF-85FC-D920DCDE424B}.Release|Any CPU.Build.0 = Release|Any CPU
		{8A8A64F4-E35C-47E5-836B-E227E7ACAD84}.Debug|Any CPU.ActiveCfg = Debug|Any CPU
		{8A8A64F4-E35C-47E5-836B-E227E7ACAD84}.Debug|Any CPU.Build.0 = Debug|Any CPU
		{8A8A64F4-E35C-47E5-836B-E227E7ACAD84}.Release|Any CPU.ActiveCfg = Release|Any CPU
		{8A8A64F4-E35C-47E5-836B-E227E7ACAD84}.Release|Any CPU.Build.0 = Release|Any CPU
		{1F532D0C-8531-4DAF-BD42-EDCBE40BFB8D}.Debug|Any CPU.ActiveCfg = Debug|Any CPU
		{1F532D0C-8531-4DAF-BD42-EDCBE40BFB8D}.Debug|Any CPU.Build.0 = Debug|Any CPU
		{1F532D0C-8531-4DAF-BD42-EDCBE40BFB8D}.Release|Any CPU.ActiveCfg = Release|Any CPU
		{1F532D0C-8531-4DAF-BD42-EDCBE40BFB8D}.Release|Any CPU.Build.0 = Release|Any CPU
	EndGlobalSection
	GlobalSection(SolutionProperties) = preSolution
		HideSolutionNode = FALSE
	EndGlobalSection
	GlobalSection(ExtensibilityGlobals) = postSolution
		SolutionGuid = {A39FBF50-DEB1-4028-A2D2-E8DF12E36073}
	EndGlobalSection
EndGlobal
