
Microsoft Visual Studio Solution File, Format Version 12.00
# Visual Studio 15
VisualStudioVersion = 15.0.28307.902
MinimumVisualStudioVersion = 10.0.40219.1
Project("{FAE04EC0-301F-11D3-BF4B-00C04F79EFBC}") = "NLayerConsola", "NLayerConsola\NLayerConsola.csproj", "{DBDC51CE-D65A-4F3A-A994-4B76BB39F129}"
EndProject
Project("{FAE04EC0-301F-11D3-BF4B-00C04F79EFBC}") = "NLayerNegocio", "NLayerNegocio\NLayerNegocio.csproj", "{61DB586B-8C20-42F3-92F4-9185B56B8D1F}"
EndProject
Project("{FAE04EC0-301F-11D3-BF4B-00C04F79EFBC}") = "NLayerEntidades", "NLayerEntidades\NLayerEntidades.csproj", "{3B840A13-B34D-43A7-86DE-538E9F6AB0A7}"
EndProject
Project("{FAE04EC0-301F-11D3-BF4B-00C04F79EFBC}") = "NLayerDatos", "NLayerDatos\NLayerDatos.csproj", "{37AD1F5A-A9D8-41FE-BCA7-B62F035E4133}"
EndProject
Global
	GlobalSection(SolutionConfigurationPlatforms) = preSolution
		Debug|Any CPU = Debug|Any CPU
		Release|Any CPU = Release|Any CPU
	EndGlobalSection
	GlobalSection(ProjectConfigurationPlatforms) = postSolution
		{DBDC51CE-D65A-4F3A-A994-4B76BB39F129}.Debug|Any CPU.ActiveCfg = Debug|Any CPU
		{DBDC51CE-D65A-4F3A-A994-4B76BB39F129}.Debug|Any CPU.Build.0 = Debug|Any CPU
		{DBDC51CE-D65A-4F3A-A994-4B76BB39F129}.Release|Any CPU.ActiveCfg = Release|Any CPU
		{DBDC51CE-D65A-4F3A-A994-4B76BB39F129}.Release|Any CPU.Build.0 = Release|Any CPU
		{61DB586B-8C20-42F3-92F4-9185B56B8D1F}.Debug|Any CPU.ActiveCfg = Debug|Any CPU
		{61DB586B-8C20-42F3-92F4-9185B56B8D1F}.Debug|Any CPU.Build.0 = Debug|Any CPU
		{61DB586B-8C20-42F3-92F4-9185B56B8D1F}.Release|Any CPU.ActiveCfg = Release|Any CPU
		{61DB586B-8C20-42F3-92F4-9185B56B8D1F}.Release|Any CPU.Build.0 = Release|Any CPU
		{3B840A13-B34D-43A7-86DE-538E9F6AB0A7}.Debug|Any CPU.ActiveCfg = Debug|Any CPU
		{3B840A13-B34D-43A7-86DE-538E9F6AB0A7}.Debug|Any CPU.Build.0 = Debug|Any CPU
		{3B840A13-B34D-43A7-86DE-538E9F6AB0A7}.Release|Any CPU.ActiveCfg = Release|Any CPU
		{3B840A13-B34D-43A7-86DE-538E9F6AB0A7}.Release|Any CPU.Build.0 = Release|Any CPU
		{37AD1F5A-A9D8-41FE-BCA7-B62F035E4133}.Debug|Any CPU.ActiveCfg = Debug|Any CPU
		{37AD1F5A-A9D8-41FE-BCA7-B62F035E4133}.Debug|Any CPU.Build.0 = Debug|Any CPU
		{37AD1F5A-A9D8-41FE-BCA7-B62F035E4133}.Release|Any CPU.ActiveCfg = Release|Any CPU
		{37AD1F5A-A9D8-41FE-BCA7-B62F035E4133}.Release|Any CPU.Build.0 = Release|Any CPU
	EndGlobalSection
	GlobalSection(SolutionProperties) = preSolution
		HideSolutionNode = FALSE
	EndGlobalSection
	GlobalSection(ExtensibilityGlobals) = postSolution
		SolutionGuid = {FC7D29AA-96AC-4CAE-9A45-49E8430D32AF}
	EndGlobalSection
EndGlobal
