
Microsoft Visual Studio Solution File, Format Version 12.00
# Visual Studio Version 16
VisualStudioVersion = 16.0.29905.134
MinimumVisualStudioVersion = 10.0.40219.1
Project("{FAE04EC0-301F-11D3-BF4B-00C04F79EFBC}") = "ejercicio_15", "ejercicio_15.csproj", "{263EE036-56A2-4FF3-BF9B-AECAB59FF687}"
EndProject
Global
	GlobalSection(SolutionConfigurationPlatforms) = preSolution
		Debug|Any CPU = Debug|Any CPU
		Release|Any CPU = Release|Any CPU
	EndGlobalSection
	GlobalSection(ProjectConfigurationPlatforms) = postSolution
		{263EE036-56A2-4FF3-BF9B-AECAB59FF687}.Debug|Any CPU.ActiveCfg = Debug|Any CPU
		{263EE036-56A2-4FF3-BF9B-AECAB59FF687}.Debug|Any CPU.Build.0 = Debug|Any CPU
		{263EE036-56A2-4FF3-BF9B-AECAB59FF687}.Release|Any CPU.ActiveCfg = Release|Any CPU
		{263EE036-56A2-4FF3-BF9B-AECAB59FF687}.Release|Any CPU.Build.0 = Release|Any CPU
	EndGlobalSection
	GlobalSection(SolutionProperties) = preSolution
		HideSolutionNode = FALSE
	EndGlobalSection
	GlobalSection(ExtensibilityGlobals) = postSolution
		SolutionGuid = {676CAB50-CAB6-46BF-BD75-7B9B508DF692}
	EndGlobalSection
EndGlobal
