
Microsoft Visual Studio Solution File, Format Version 12.00
# Visual Studio Version 16
VisualStudioVersion = 16.0.29905.134
MinimumVisualStudioVersion = 10.0.40219.1
Project("{FAE04EC0-301F-11D3-BF4B-00C04F79EFBC}") = "ejercicio_9", "ejercicio_9.csproj", "{843A775E-82E8-4F06-8C51-E5AA700DB031}"
EndProject
Global
	GlobalSection(SolutionConfigurationPlatforms) = preSolution
		Debug|Any CPU = Debug|Any CPU
		Release|Any CPU = Release|Any CPU
	EndGlobalSection
	GlobalSection(ProjectConfigurationPlatforms) = postSolution
		{843A775E-82E8-4F06-8C51-E5AA700DB031}.Debug|Any CPU.ActiveCfg = Debug|Any CPU
		{843A775E-82E8-4F06-8C51-E5AA700DB031}.Debug|Any CPU.Build.0 = Debug|Any CPU
		{843A775E-82E8-4F06-8C51-E5AA700DB031}.Release|Any CPU.ActiveCfg = Release|Any CPU
		{843A775E-82E8-4F06-8C51-E5AA700DB031}.Release|Any CPU.Build.0 = Release|Any CPU
	EndGlobalSection
	GlobalSection(SolutionProperties) = preSolution
		HideSolutionNode = FALSE
	EndGlobalSection
	GlobalSection(ExtensibilityGlobals) = postSolution
		SolutionGuid = {A93E6D23-3A29-4B21-BA0C-4146876BA0CA}
	EndGlobalSection
EndGlobal
