
Microsoft Visual Studio Solution File, Format Version 12.00
# Visual Studio Version 16
VisualStudioVersion = 16.0.29905.134
MinimumVisualStudioVersion = 10.0.40219.1
Project("{FAE04EC0-301F-11D3-BF4B-00C04F79EFBC}") = "ejercicio_calculadora_basica", "ejercicio_calculadora_basica.csproj", "{EDBD28C3-113C-4C3D-A4DA-7B9C30C42BCC}"
EndProject
Global
	GlobalSection(SolutionConfigurationPlatforms) = preSolution
		Debug|Any CPU = Debug|Any CPU
		Release|Any CPU = Release|Any CPU
	EndGlobalSection
	GlobalSection(ProjectConfigurationPlatforms) = postSolution
		{EDBD28C3-113C-4C3D-A4DA-7B9C30C42BCC}.Debug|Any CPU.ActiveCfg = Debug|Any CPU
		{EDBD28C3-113C-4C3D-A4DA-7B9C30C42BCC}.Debug|Any CPU.Build.0 = Debug|Any CPU
		{EDBD28C3-113C-4C3D-A4DA-7B9C30C42BCC}.Release|Any CPU.ActiveCfg = Release|Any CPU
		{EDBD28C3-113C-4C3D-A4DA-7B9C30C42BCC}.Release|Any CPU.Build.0 = Release|Any CPU
	EndGlobalSection
	GlobalSection(SolutionProperties) = preSolution
		HideSolutionNode = FALSE
	EndGlobalSection
	GlobalSection(ExtensibilityGlobals) = postSolution
		SolutionGuid = {40D8DBF3-8F91-480C-9258-4D4560F34EFF}
	EndGlobalSection
EndGlobal
