
Microsoft Visual Studio Solution File, Format Version 12.00
# Visual Studio Version 16
VisualStudioVersion = 16.0.29905.134
MinimumVisualStudioVersion = 10.0.40219.1
Project("{FAE04EC0-301F-11D3-BF4B-00C04F79EFBC}") = "ejercicio_4", "ejercicio_4.csproj", "{47CE9627-E6F3-4282-ACC7-9F8F84ECD2A9}"
EndProject
Global
	GlobalSection(SolutionConfigurationPlatforms) = preSolution
		Debug|Any CPU = Debug|Any CPU
		Release|Any CPU = Release|Any CPU
	EndGlobalSection
	GlobalSection(ProjectConfigurationPlatforms) = postSolution
		{47CE9627-E6F3-4282-ACC7-9F8F84ECD2A9}.Debug|Any CPU.ActiveCfg = Debug|Any CPU
		{47CE9627-E6F3-4282-ACC7-9F8F84ECD2A9}.Debug|Any CPU.Build.0 = Debug|Any CPU
		{47CE9627-E6F3-4282-ACC7-9F8F84ECD2A9}.Release|Any CPU.ActiveCfg = Release|Any CPU
		{47CE9627-E6F3-4282-ACC7-9F8F84ECD2A9}.Release|Any CPU.Build.0 = Release|Any CPU
	EndGlobalSection
	GlobalSection(SolutionProperties) = preSolution
		HideSolutionNode = FALSE
	EndGlobalSection
	GlobalSection(ExtensibilityGlobals) = postSolution
		SolutionGuid = {61D8746E-A5ED-44FA-9503-1F0A3447C464}
	EndGlobalSection
EndGlobal
