
Microsoft Visual Studio Solution File, Format Version 12.00
# Visual Studio Version 16
VisualStudioVersion = 16.0.29905.134
MinimumVisualStudioVersion = 10.0.40219.1
Project("{FAE04EC0-301F-11D3-BF4B-00C04F79EFBC}") = "ejercicio_13", "ejercicio_13.csproj", "{9D3047FA-2C8D-4006-9E9A-779E08D4C1A7}"
EndProject
Global
	GlobalSection(SolutionConfigurationPlatforms) = preSolution
		Debug|Any CPU = Debug|Any CPU
		Release|Any CPU = Release|Any CPU
	EndGlobalSection
	GlobalSection(ProjectConfigurationPlatforms) = postSolution
		{9D3047FA-2C8D-4006-9E9A-779E08D4C1A7}.Debug|Any CPU.ActiveCfg = Debug|Any CPU
		{9D3047FA-2C8D-4006-9E9A-779E08D4C1A7}.Debug|Any CPU.Build.0 = Debug|Any CPU
		{9D3047FA-2C8D-4006-9E9A-779E08D4C1A7}.Release|Any CPU.ActiveCfg = Release|Any CPU
		{9D3047FA-2C8D-4006-9E9A-779E08D4C1A7}.Release|Any CPU.Build.0 = Release|Any CPU
	EndGlobalSection
	GlobalSection(SolutionProperties) = preSolution
		HideSolutionNode = FALSE
	EndGlobalSection
	GlobalSection(ExtensibilityGlobals) = postSolution
		SolutionGuid = {250A78B7-0E1B-4918-84B9-96EE302D05D4}
	EndGlobalSection
EndGlobal
