
Microsoft Visual Studio Solution File, Format Version 12.00
# Visual Studio Version 16
VisualStudioVersion = 16.0.29905.134
MinimumVisualStudioVersion = 10.0.40219.1
Project("{FAE04EC0-301F-11D3-BF4B-00C04F79EFBC}") = "ejercicio_expendedora", "ejercicio_expendedora.csproj", "{63E69E1B-FF8E-444C-8EEE-B8124517C589}"
EndProject
Project("{FAE04EC0-301F-11D3-BF4B-00C04F79EFBC}") = "Solucion.LibreriaNegocio", "Solucion.LibreriaNegocio\Solucion.LibreriaNegocio.csproj", "{33D9C383-C624-40E0-B650-6D7D9F35B053}"
EndProject
Project("{FAE04EC0-301F-11D3-BF4B-00C04F79EFBC}") = "Solucion.LibreriaConsola", "..\EjercicioIntegrador1-master\Solucion.LibreriaConsola\Solucion.LibreriaConsola.csproj", "{E081BAE3-1BA9-45D9-B236-C7CB1AE1E945}"
EndProject
Global
	GlobalSection(SolutionConfigurationPlatforms) = preSolution
		Debug|Any CPU = Debug|Any CPU
		Release|Any CPU = Release|Any CPU
	EndGlobalSection
	GlobalSection(ProjectConfigurationPlatforms) = postSolution
		{63E69E1B-FF8E-444C-8EEE-B8124517C589}.Debug|Any CPU.ActiveCfg = Debug|Any CPU
		{63E69E1B-FF8E-444C-8EEE-B8124517C589}.Debug|Any CPU.Build.0 = Debug|Any CPU
		{63E69E1B-FF8E-444C-8EEE-B8124517C589}.Release|Any CPU.ActiveCfg = Release|Any CPU
		{63E69E1B-FF8E-444C-8EEE-B8124517C589}.Release|Any CPU.Build.0 = Release|Any CPU
		{33D9C383-C624-40E0-B650-6D7D9F35B053}.Debug|Any CPU.ActiveCfg = Debug|Any CPU
		{33D9C383-C624-40E0-B650-6D7D9F35B053}.Debug|Any CPU.Build.0 = Debug|Any CPU
		{33D9C383-C624-40E0-B650-6D7D9F35B053}.Release|Any CPU.ActiveCfg = Release|Any CPU
		{33D9C383-C624-40E0-B650-6D7D9F35B053}.Release|Any CPU.Build.0 = Release|Any CPU
		{E081BAE3-1BA9-45D9-B236-C7CB1AE1E945}.Debug|Any CPU.ActiveCfg = Debug|Any CPU
		{E081BAE3-1BA9-45D9-B236-C7CB1AE1E945}.Debug|Any CPU.Build.0 = Debug|Any CPU
		{E081BAE3-1BA9-45D9-B236-C7CB1AE1E945}.Release|Any CPU.ActiveCfg = Release|Any CPU
		{E081BAE3-1BA9-45D9-B236-C7CB1AE1E945}.Release|Any CPU.Build.0 = Release|Any CPU
	EndGlobalSection
	GlobalSection(SolutionProperties) = preSolution
		HideSolutionNode = FALSE
	EndGlobalSection
	GlobalSection(ExtensibilityGlobals) = postSolution
		SolutionGuid = {A7C55E63-3555-4894-A488-CA9E8F8BCDDE}
	EndGlobalSection
EndGlobal
