
Microsoft Visual Studio Solution File, Format Version 12.00
# Visual Studio Version 16
VisualStudioVersion = 16.0.29905.134
MinimumVisualStudioVersion = 10.0.40219.1
Project("{FAE04EC0-301F-11D3-BF4B-00C04F79EFBC}") = "ejercicio_3", "ejercicio_3.csproj", "{F3FCD66B-7D15-448D-8084-4537BE0A0529}"
EndProject
Global
	GlobalSection(SolutionConfigurationPlatforms) = preSolution
		Debug|Any CPU = Debug|Any CPU
		Release|Any CPU = Release|Any CPU
	EndGlobalSection
	GlobalSection(ProjectConfigurationPlatforms) = postSolution
		{F3FCD66B-7D15-448D-8084-4537BE0A0529}.Debug|Any CPU.ActiveCfg = Debug|Any CPU
		{F3FCD66B-7D15-448D-8084-4537BE0A0529}.Debug|Any CPU.Build.0 = Debug|Any CPU
		{F3FCD66B-7D15-448D-8084-4537BE0A0529}.Release|Any CPU.ActiveCfg = Release|Any CPU
		{F3FCD66B-7D15-448D-8084-4537BE0A0529}.Release|Any CPU.Build.0 = Release|Any CPU
	EndGlobalSection
	GlobalSection(SolutionProperties) = preSolution
		HideSolutionNode = FALSE
	EndGlobalSection
	GlobalSection(ExtensibilityGlobals) = postSolution
		SolutionGuid = {0F2428AD-F507-4477-948F-FFA568330FB7}
	EndGlobalSection
EndGlobal
