
Microsoft Visual Studio Solution File, Format Version 12.00
# Visual Studio Version 16
VisualStudioVersion = 16.0.29905.134
MinimumVisualStudioVersion = 10.0.40219.1
Project("{FAE04EC0-301F-11D3-BF4B-00C04F79EFBC}") = "ejercicio_8", "ejercicio_8.csproj", "{F1F3C537-F010-4554-834F-B7C015A9CC14}"
EndProject
Global
	GlobalSection(SolutionConfigurationPlatforms) = preSolution
		Debug|Any CPU = Debug|Any CPU
		Release|Any CPU = Release|Any CPU
	EndGlobalSection
	GlobalSection(ProjectConfigurationPlatforms) = postSolution
		{F1F3C537-F010-4554-834F-B7C015A9CC14}.Debug|Any CPU.ActiveCfg = Debug|Any CPU
		{F1F3C537-F010-4554-834F-B7C015A9CC14}.Debug|Any CPU.Build.0 = Debug|Any CPU
		{F1F3C537-F010-4554-834F-B7C015A9CC14}.Release|Any CPU.ActiveCfg = Release|Any CPU
		{F1F3C537-F010-4554-834F-B7C015A9CC14}.Release|Any CPU.Build.0 = Release|Any CPU
	EndGlobalSection
	GlobalSection(SolutionProperties) = preSolution
		HideSolutionNode = FALSE
	EndGlobalSection
	GlobalSection(ExtensibilityGlobals) = postSolution
		SolutionGuid = {A741A2C4-9BC2-4017-B48D-B2898F06A921}
	EndGlobalSection
EndGlobal
