
Microsoft Visual Studio Solution File, Format Version 12.00
# Visual Studio Version 16
VisualStudioVersion = 16.0.29905.134
MinimumVisualStudioVersion = 10.0.40219.1
Project("{FAE04EC0-301F-11D3-BF4B-00C04F79EFBC}") = "ejercicio_14", "ejercicio_14.csproj", "{A37F7FFD-E686-4B10-B515-DDD15BE79004}"
EndProject
Global
	GlobalSection(SolutionConfigurationPlatforms) = preSolution
		Debug|Any CPU = Debug|Any CPU
		Release|Any CPU = Release|Any CPU
	EndGlobalSection
	GlobalSection(ProjectConfigurationPlatforms) = postSolution
		{A37F7FFD-E686-4B10-B515-DDD15BE79004}.Debug|Any CPU.ActiveCfg = Debug|Any CPU
		{A37F7FFD-E686-4B10-B515-DDD15BE79004}.Debug|Any CPU.Build.0 = Debug|Any CPU
		{A37F7FFD-E686-4B10-B515-DDD15BE79004}.Release|Any CPU.ActiveCfg = Release|Any CPU
		{A37F7FFD-E686-4B10-B515-DDD15BE79004}.Release|Any CPU.Build.0 = Release|Any CPU
	EndGlobalSection
	GlobalSection(SolutionProperties) = preSolution
		HideSolutionNode = FALSE
	EndGlobalSection
	GlobalSection(ExtensibilityGlobals) = postSolution
		SolutionGuid = {62594F19-E28F-4775-A206-EBFC0D031D65}
	EndGlobalSection
EndGlobal
