
Microsoft Visual Studio Solution File, Format Version 12.00
# Visual Studio Version 16
VisualStudioVersion = 16.0.29905.134
MinimumVisualStudioVersion = 10.0.40219.1
Project("{FAE04EC0-301F-11D3-BF4B-00C04F79EFBC}") = "ejercicio_VentasDeRepuestos", "ejercicio_VentasDeRepuestos.csproj", "{EDD8E614-13BE-4C8A-B64E-5E8EF1E834EC}"
	ProjectSection(ProjectDependencies) = postProject
		{ED09DBB9-5C2D-4B5B-B4EE-BF19C7312098} = {ED09DBB9-5C2D-4B5B-B4EE-BF19C7312098}
	EndProjectSection
EndProject
Project("{FAE04EC0-301F-11D3-BF4B-00C04F79EFBC}") = "Solucion.LibreriaNegocio", "Solucion.LibreriaNegocio\Solucion.LibreriaNegocio.csproj", "{ED09DBB9-5C2D-4B5B-B4EE-BF19C7312098}"
EndProject
Global
	GlobalSection(SolutionConfigurationPlatforms) = preSolution
		Debug|Any CPU = Debug|Any CPU
		Release|Any CPU = Release|Any CPU
	EndGlobalSection
	GlobalSection(ProjectConfigurationPlatforms) = postSolution
		{EDD8E614-13BE-4C8A-B64E-5E8EF1E834EC}.Debug|Any CPU.ActiveCfg = Debug|Any CPU
		{EDD8E614-13BE-4C8A-B64E-5E8EF1E834EC}.Debug|Any CPU.Build.0 = Debug|Any CPU
		{EDD8E614-13BE-4C8A-B64E-5E8EF1E834EC}.Release|Any CPU.ActiveCfg = Release|Any CPU
		{EDD8E614-13BE-4C8A-B64E-5E8EF1E834EC}.Release|Any CPU.Build.0 = Release|Any CPU
		{ED09DBB9-5C2D-4B5B-B4EE-BF19C7312098}.Debug|Any CPU.ActiveCfg = Debug|Any CPU
		{ED09DBB9-5C2D-4B5B-B4EE-BF19C7312098}.Debug|Any CPU.Build.0 = Debug|Any CPU
		{ED09DBB9-5C2D-4B5B-B4EE-BF19C7312098}.Release|Any CPU.ActiveCfg = Release|Any CPU
		{ED09DBB9-5C2D-4B5B-B4EE-BF19C7312098}.Release|Any CPU.Build.0 = Release|Any CPU
	EndGlobalSection
	GlobalSection(SolutionProperties) = preSolution
		HideSolutionNode = FALSE
	EndGlobalSection
	GlobalSection(ExtensibilityGlobals) = postSolution
		SolutionGuid = {9DC77AF4-9E54-4214-8E0A-6083D519AD2E}
	EndGlobalSection
EndGlobal
